
Microsoft Visual Studio Solution File, Format Version 12.00
# Visual Studio Version 17
VisualStudioVersion = 17.2.32616.157
MinimumVisualStudioVersion = 10.0.40219.1
Project("{FAE04EC0-301F-11D3-BF4B-00C04F79EFBC}") = "RazDvaTri_TRPO-Lab3.ConsoleApp", "RazDvaTri_TRPO-Lab3\RazDvaTri_TRPO-Lab3.ConsoleApp.csproj", "{4A6DE7A9-1941-43EB-A79E-3FA80B68C2C0}"
EndProject
Global
	GlobalSection(SolutionConfigurationPlatforms) = preSolution
		Debug|Any CPU = Debug|Any CPU
		Release|Any CPU = Release|Any CPU
	EndGlobalSection
	GlobalSection(ProjectConfigurationPlatforms) = postSolution
		{4A6DE7A9-1941-43EB-A79E-3FA80B68C2C0}.Debug|Any CPU.ActiveCfg = Debug|Any CPU
		{4A6DE7A9-1941-43EB-A79E-3FA80B68C2C0}.Debug|Any CPU.Build.0 = Debug|Any CPU
		{4A6DE7A9-1941-43EB-A79E-3FA80B68C2C0}.Release|Any CPU.ActiveCfg = Release|Any CPU
		{4A6DE7A9-1941-43EB-A79E-3FA80B68C2C0}.Release|Any CPU.Build.0 = Release|Any CPU
	EndGlobalSection
	GlobalSection(SolutionProperties) = preSolution
		HideSolutionNode = FALSE
	EndGlobalSection
	GlobalSection(ExtensibilityGlobals) = postSolution
		SolutionGuid = {4081DB9F-F971-45AB-BDA4-B1D9259DA693}
	EndGlobalSection
EndGlobal
