
Microsoft Visual Studio Solution File, Format Version 12.00
# Visual Studio Version 17
VisualStudioVersion = 17.2.32616.157
MinimumVisualStudioVersion = 10.0.40219.1
Project("{9A19103F-16F7-4668-BE54-9A1E7A4F7556}") = "RazDvaTri_TRPO-Lab3.ConsoleApp", "RazDvaTri_TRPO-Lab3\RazDvaTri_TRPO-Lab3.ConsoleApp.csproj", "{4A6DE7A9-1941-43EB-A79E-3FA80B68C2C0}"
EndProject
Project("{FAE04EC0-301F-11D3-BF4B-00C04F79EFBC}") = "RazDvaTri_TRPO-Lab3.Tests", "RazDvaTri_TRPO-Lab3.Tests\RazDvaTri_TRPO-Lab3.Tests.csproj", "{39CCEA89-AF8C-4F6F-9CED-9CC70E86AF68}"
EndProject
Project("{FAE04EC0-301F-11D3-BF4B-00C04F79EFBC}") = "RazDvaTri_TRPO-Lab3.Lib", "RazDvaTri_TRPO-Lab3.Lib\RazDvaTri_TRPO-Lab3.Lib.csproj", "{62886E00-A83A-41F3-96DE-6506D1187842}"
EndProject
Global
	GlobalSection(SolutionConfigurationPlatforms) = preSolution
		Debug|Any CPU = Debug|Any CPU
		Release|Any CPU = Release|Any CPU
	EndGlobalSection
	GlobalSection(ProjectConfigurationPlatforms) = postSolution
		{4A6DE7A9-1941-43EB-A79E-3FA80B68C2C0}.Debug|Any CPU.ActiveCfg = Debug|Any CPU
		{4A6DE7A9-1941-43EB-A79E-3FA80B68C2C0}.Debug|Any CPU.Build.0 = Debug|Any CPU
		{4A6DE7A9-1941-43EB-A79E-3FA80B68C2C0}.Release|Any CPU.ActiveCfg = Release|Any CPU
		{4A6DE7A9-1941-43EB-A79E-3FA80B68C2C0}.Release|Any CPU.Build.0 = Release|Any CPU
		{39CCEA89-AF8C-4F6F-9CED-9CC70E86AF68}.Debug|Any CPU.ActiveCfg = Debug|Any CPU
		{39CCEA89-AF8C-4F6F-9CED-9CC70E86AF68}.Debug|Any CPU.Build.0 = Debug|Any CPU
		{39CCEA89-AF8C-4F6F-9CED-9CC70E86AF68}.Release|Any CPU.ActiveCfg = Release|Any CPU
		{39CCEA89-AF8C-4F6F-9CED-9CC70E86AF68}.Release|Any CPU.Build.0 = Release|Any CPU
		{62886E00-A83A-41F3-96DE-6506D1187842}.Debug|Any CPU.ActiveCfg = Debug|Any CPU
		{62886E00-A83A-41F3-96DE-6506D1187842}.Debug|Any CPU.Build.0 = Debug|Any CPU
		{62886E00-A83A-41F3-96DE-6506D1187842}.Release|Any CPU.ActiveCfg = Release|Any CPU
		{62886E00-A83A-41F3-96DE-6506D1187842}.Release|Any CPU.Build.0 = Release|Any CPU
	EndGlobalSection
	GlobalSection(SolutionProperties) = preSolution
		HideSolutionNode = FALSE
	EndGlobalSection
	GlobalSection(ExtensibilityGlobals) = postSolution
		SolutionGuid = {4081DB9F-F971-45AB-BDA4-B1D9259DA693}
	EndGlobalSection
EndGlobal
